
Microsoft Visual Studio Solution File, Format Version 12.00
# Visual Studio Version 17
VisualStudioVersion = 17.5.002.0
MinimumVisualStudioVersion = 10.0.40219.1
Project("{2150E333-8FDC-42A3-9474-1A3956D46DE8}") = "Back", "Back", "{223F90FA-4984-4B0F-B684-195747EAEB61}"
EndProject
Project("{2150E333-8FDC-42A3-9474-1A3956D46DE8}") = "src", "src", "{42346FA2-E95F-41D8-BF48-339E06225DA0}"
EndProject
Project("{9A19103F-16F7-4668-BE54-9A1E7A4F7556}") = "ProEventos.API", "Back\src\ProEventos.API\ProEventos.API.csproj", "{50858B9D-62F6-4D90-98B4-D0EA995251D8}"
EndProject
Global
	GlobalSection(SolutionConfigurationPlatforms) = preSolution
		Debug|Any CPU = Debug|Any CPU
		Release|Any CPU = Release|Any CPU
	EndGlobalSection
	GlobalSection(ProjectConfigurationPlatforms) = postSolution
		{50858B9D-62F6-4D90-98B4-D0EA995251D8}.Debug|Any CPU.ActiveCfg = Debug|Any CPU
		{50858B9D-62F6-4D90-98B4-D0EA995251D8}.Debug|Any CPU.Build.0 = Debug|Any CPU
		{50858B9D-62F6-4D90-98B4-D0EA995251D8}.Release|Any CPU.ActiveCfg = Release|Any CPU
		{50858B9D-62F6-4D90-98B4-D0EA995251D8}.Release|Any CPU.Build.0 = Release|Any CPU
	EndGlobalSection
	GlobalSection(SolutionProperties) = preSolution
		HideSolutionNode = FALSE
	EndGlobalSection
	GlobalSection(NestedProjects) = preSolution
		{42346FA2-E95F-41D8-BF48-339E06225DA0} = {223F90FA-4984-4B0F-B684-195747EAEB61}
		{50858B9D-62F6-4D90-98B4-D0EA995251D8} = {42346FA2-E95F-41D8-BF48-339E06225DA0}
	EndGlobalSection
	GlobalSection(ExtensibilityGlobals) = postSolution
		SolutionGuid = {063FC422-C3E8-463A-8800-5832117D85BB}
	EndGlobalSection
EndGlobal
